
Microsoft Visual Studio Solution File, Format Version 12.00
# Visual Studio 14
VisualStudioVersion = 14.0.23107.0
MinimumVisualStudioVersion = 10.0.40219.1
Project("{FAE04EC0-301F-11D3-BF4B-00C04F79EFBC}") = "LEWP.Core", "LEWP.Core.csproj", "{F43D298B-DF1C-4E5D-86E5-9F74F530A947}"
EndProject
Project("{FAE04EC0-301F-11D3-BF4B-00C04F79EFBC}") = "LEWP.Common", "LEWP.Common\LEWP.Common.csproj", "{51A07D61-7A27-4E5E-BE67-DCA224D62F8A}"
EndProject
Project("{FAE04EC0-301F-11D3-BF4B-00C04F79EFBC}") = "LEWP.Himawari", "LEWP.Himawari\LEWP.Himawari.csproj", "{28CED738-A1FE-4657-8E98-C0D0DA1157D6}"
EndProject
Global
	GlobalSection(SolutionConfigurationPlatforms) = preSolution
		Debug|Any CPU = Debug|Any CPU
		Release|Any CPU = Release|Any CPU
	EndGlobalSection
	GlobalSection(ProjectConfigurationPlatforms) = postSolution
		{F43D298B-DF1C-4E5D-86E5-9F74F530A947}.Debug|Any CPU.ActiveCfg = Debug|Any CPU
		{F43D298B-DF1C-4E5D-86E5-9F74F530A947}.Debug|Any CPU.Build.0 = Debug|Any CPU
		{F43D298B-DF1C-4E5D-86E5-9F74F530A947}.Release|Any CPU.ActiveCfg = Release|Any CPU
		{F43D298B-DF1C-4E5D-86E5-9F74F530A947}.Release|Any CPU.Build.0 = Release|Any CPU
		{51A07D61-7A27-4E5E-BE67-DCA224D62F8A}.Debug|Any CPU.ActiveCfg = Debug|Any CPU
		{51A07D61-7A27-4E5E-BE67-DCA224D62F8A}.Debug|Any CPU.Build.0 = Debug|Any CPU
		{51A07D61-7A27-4E5E-BE67-DCA224D62F8A}.Release|Any CPU.ActiveCfg = Release|Any CPU
		{51A07D61-7A27-4E5E-BE67-DCA224D62F8A}.Release|Any CPU.Build.0 = Release|Any CPU
		{28CED738-A1FE-4657-8E98-C0D0DA1157D6}.Debug|Any CPU.ActiveCfg = Debug|Any CPU
		{28CED738-A1FE-4657-8E98-C0D0DA1157D6}.Debug|Any CPU.Build.0 = Debug|Any CPU
		{28CED738-A1FE-4657-8E98-C0D0DA1157D6}.Release|Any CPU.ActiveCfg = Release|Any CPU
		{28CED738-A1FE-4657-8E98-C0D0DA1157D6}.Release|Any CPU.Build.0 = Release|Any CPU
	EndGlobalSection
	GlobalSection(SolutionProperties) = preSolution
		HideSolutionNode = FALSE
	EndGlobalSection
EndGlobal
